// !$*UTF8*$!
{
	archiveVersion = 1;
	classes = {
	};
	objectVersion = 46;
	objects = {

/* Begin PBXBuildFile section */
		9B501C1F1978CF820005D140 /* Foundation.framework in Frameworks */ = {isa = PBXBuildFile; fileRef = 9B501C1E1978CF820005D140 /* Foundation.framework */; };
		9B501C211978CF820005D140 /* CoreGraphics.framework in Frameworks */ = {isa = PBXBuildFile; fileRef = 9B501C201978CF820005D140 /* CoreGraphics.framework */; };
		9B501C231978CF820005D140 /* UIKit.framework in Frameworks */ = {isa = PBXBuildFile; fileRef = 9B501C221978CF820005D140 /* UIKit.framework */; };
		9B501C291978CF820005D140 /* InfoPlist.strings in Resources */ = {isa = PBXBuildFile; fileRef = 9B501C271978CF820005D140 /* InfoPlist.strings */; };
		9B501C2B1978CF820005D140 /* main.m in Sources */ = {isa = PBXBuildFile; fileRef = 9B501C2A1978CF820005D140 /* main.m */; };
		9B501C2F1978CF820005D140 /* AppDelegate.m in Sources */ = {isa = PBXBuildFile; fileRef = 9B501C2E1978CF820005D140 /* AppDelegate.m */; };
		9B501C321978CF820005D140 /* Main.storyboard in Resources */ = {isa = PBXBuildFile; fileRef = 9B501C301978CF820005D140 /* Main.storyboard */; };
		9B501C351978CF820005D140 /* ViewController.m in Sources */ = {isa = PBXBuildFile; fileRef = 9B501C341978CF820005D140 /* ViewController.m */; };
		9B501C371978CF820005D140 /* Images.xcassets in Resources */ = {isa = PBXBuildFile; fileRef = 9B501C361978CF820005D140 /* Images.xcassets */; };
		9B501C3E1978CF820005D140 /* XCTest.framework in Frameworks */ = {isa = PBXBuildFile; fileRef = 9B501C3D1978CF820005D140 /* XCTest.framework */; };
		9B501C3F1978CF820005D140 /* Foundation.framework in Frameworks */ = {isa = PBXBuildFile; fileRef = 9B501C1E1978CF820005D140 /* Foundation.framework */; };
		9B501C401978CF820005D140 /* UIKit.framework in Frameworks */ = {isa = PBXBuildFile; fileRef = 9B501C221978CF820005D140 /* UIKit.framework */; };
		9B501C481978CF820005D140 /* InfoPlist.strings in Resources */ = {isa = PBXBuildFile; fileRef = 9B501C461978CF820005D140 /* InfoPlist.strings */; };
		9B501C4A1978CF820005D140 /* WhiteTests.m in Sources */ = {isa = PBXBuildFile; fileRef = 9B501C491978CF820005D140 /* WhiteTests.m */; };
		9B501C561978D40A0005D140 /* BackGround.png in Resources */ = {isa = PBXBuildFile; fileRef = 9B501C551978D40A0005D140 /* BackGround.png */; };
		9B501C591978D6580005D140 /* Game.m in Sources */ = {isa = PBXBuildFile; fileRef = 9B501C581978D6580005D140 /* Game.m */; };
		9B501C5C1978D77D0005D140 /* blacktile.png in Resources */ = {isa = PBXBuildFile; fileRef = 9B501C5A1978D77D0005D140 /* blacktile.png */; };
		9B501C5F1978DA9D0005D140 /* whitetile.png in Resources */ = {isa = PBXBuildFile; fileRef = 9B501C5E1978DA9D0005D140 /* whitetile.png */; };
/* End PBXBuildFile section */

/* Begin PBXContainerItemProxy section */
		9B501C411978CF820005D140 /* PBXContainerItemProxy */ = {
			isa = PBXContainerItemProxy;
			containerPortal = 9B501C131978CF820005D140 /* Project object */;
			proxyType = 1;
			remoteGlobalIDString = 9B501C1A1978CF820005D140;
			remoteInfo = White;
		};
/* End PBXContainerItemProxy section */

/* Begin PBXFileReference section */
		9B501C1B1978CF820005D140 /* White.app */ = {isa = PBXFileReference; explicitFileType = wrapper.application; includeInIndex = 0; path = White.app; sourceTree = BUILT_PRODUCTS_DIR; };
		9B501C1E1978CF820005D140 /* Foundation.framework */ = {isa = PBXFileReference; lastKnownFileType = wrapper.framework; name = Foundation.framework; path = System/Library/Frameworks/Foundation.framework; sourceTree = SDKROOT; };
		9B501C201978CF820005D140 /* CoreGraphics.framework */ = {isa = PBXFileReference; lastKnownFileType = wrapper.framework; name = CoreGraphics.framework; path = System/Library/Frameworks/CoreGraphics.framework; sourceTree = SDKROOT; };
		9B501C221978CF820005D140 /* UIKit.framework */ = {isa = PBXFileReference; lastKnownFileType = wrapper.framework; name = UIKit.framework; path = System/Library/Frameworks/UIKit.framework; sourceTree = SDKROOT; };
		9B501C261978CF820005D140 /* White-Info.plist */ = {isa = PBXFileReference; lastKnownFileType = text.plist.xml; path = "White-Info.plist"; sourceTree = "<group>"; };
		9B501C281978CF820005D140 /* en */ = {isa = PBXFileReference; lastKnownFileType = text.plist.strings; name = en; path = en.lproj/InfoPlist.strings; sourceTree = "<group>"; };
		9B501C2A1978CF820005D140 /* main.m */ = {isa = PBXFileReference; lastKnownFileType = sourcecode.c.objc; path = main.m; sourceTree = "<group>"; };
		9B501C2C1978CF820005D140 /* White-Prefix.pch */ = {isa = PBXFileReference; lastKnownFileType = sourcecode.c.h; path = "White-Prefix.pch"; sourceTree = "<group>"; };
		9B501C2D1978CF820005D140 /* AppDelegate.h */ = {isa = PBXFileReference; lastKnownFileType = sourcecode.c.h; path = AppDelegate.h; sourceTree = "<group>"; };
		9B501C2E1978CF820005D140 /* AppDelegate.m */ = {isa = PBXFileReference; lastKnownFileType = sourcecode.c.objc; path = AppDelegate.m; sourceTree = "<group>"; };
		9B501C311978CF820005D140 /* Base */ = {isa = PBXFileReference; lastKnownFileType = file.storyboard; name = Base; path = Base.lproj/Main.storyboard; sourceTree = "<group>"; };
		9B501C331978CF820005D140 /* ViewController.h */ = {isa = PBXFileReference; lastKnownFileType = sourcecode.c.h; path = ViewController.h; sourceTree = "<group>"; };
		9B501C341978CF820005D140 /* ViewController.m */ = {isa = PBXFileReference; lastKnownFileType = sourcecode.c.objc; path = ViewController.m; sourceTree = "<group>"; };
		9B501C361978CF820005D140 /* Images.xcassets */ = {isa = PBXFileReference; lastKnownFileType = folder.assetcatalog; path = Images.xcassets; sourceTree = "<group>"; };
		9B501C3C1978CF820005D140 /* WhiteTests.xctest */ = {isa = PBXFileReference; explicitFileType = wrapper.cfbundle; includeInIndex = 0; path = WhiteTests.xctest; sourceTree = BUILT_PRODUCTS_DIR; };
		9B501C3D1978CF820005D140 /* XCTest.framework */ = {isa = PBXFileReference; lastKnownFileType = wrapper.framework; name = XCTest.framework; path = Library/Frameworks/XCTest.framework; sourceTree = DEVELOPER_DIR; };
		9B501C451978CF820005D140 /* WhiteTests-Info.plist */ = {isa = PBXFileReference; lastKnownFileType = text.plist.xml; path = "WhiteTests-Info.plist"; sourceTree = "<group>"; };
		9B501C471978CF820005D140 /* en */ = {isa = PBXFileReference; lastKnownFileType = text.plist.strings; name = en; path = en.lproj/InfoPlist.strings; sourceTree = "<group>"; };
		9B501C491978CF820005D140 /* WhiteTests.m */ = {isa = PBXFileReference; lastKnownFileType = sourcecode.c.objc; path = WhiteTests.m; sourceTree = "<group>"; };
		9B501C551978D40A0005D140 /* BackGround.png */ = {isa = PBXFileReference; lastKnownFileType = image.png; path = BackGround.png; sourceTree = "<group>"; };
		9B501C571978D6580005D140 /* Game.h */ = {isa = PBXFileReference; fileEncoding = 4; lastKnownFileType = sourcecode.c.h; name = Game.h; path = ../Game.h; sourceTree = "<group>"; };
		9B501C581978D6580005D140 /* Game.m */ = {isa = PBXFileReference; fileEncoding = 4; lastKnownFileType = sourcecode.c.objc; name = Game.m; path = ../Game.m; sourceTree = "<group>"; };
		9B501C5A1978D77D0005D140 /* blacktile.png */ = {isa = PBXFileReference; lastKnownFileType = image.png; path = blacktile.png; sourceTree = "<group>"; };
		9B501C5E1978DA9D0005D140 /* whitetile.png */ = {isa = PBXFileReference; lastKnownFileType = image.png; path = whitetile.png; sourceTree = "<group>"; };
/* End PBXFileReference section */

/* Begin PBXFrameworksBuildPhase section */
		9B501C181978CF820005D140 /* Frameworks */ = {
			isa = PBXFrameworksBuildPhase;
			buildActionMask = 2147483647;
			files = (
				9B501C211978CF820005D140 /* CoreGraphics.framework in Frameworks */,
				9B501C231978CF820005D140 /* UIKit.framework in Frameworks */,
				9B501C1F1978CF820005D140 /* Foundation.framework in Frameworks */,
			);
			runOnlyForDeploymentPostprocessing = 0;
		};
		9B501C391978CF820005D140 /* Frameworks */ = {
			isa = PBXFrameworksBuildPhase;
			buildActionMask = 2147483647;
			files = (
				9B501C3E1978CF820005D140 /* XCTest.framework in Frameworks */,
				9B501C401978CF820005D140 /* UIKit.framework in Frameworks */,
				9B501C3F1978CF820005D140 /* Foundation.framework in Frameworks */,
			);
			runOnlyForDeploymentPostprocessing = 0;
		};
/* End PBXFrameworksBuildPhase section */

/* Begin PBXGroup section */
		9B501C121978CF820005D140 = {
			isa = PBXGroup;
			children = (
				9B501C241978CF820005D140 /* White */,
				9B501C431978CF820005D140 /* WhiteTests */,
				9B501C1D1978CF820005D140 /* Frameworks */,
				9B501C1C1978CF820005D140 /* Products */,
			);
			sourceTree = "<group>";
		};
		9B501C1C1978CF820005D140 /* Products */ = {
			isa = PBXGroup;
			children = (
				9B501C1B1978CF820005D140 /* White.app */,
				9B501C3C1978CF820005D140 /* WhiteTests.xctest */,
			);
			name = Products;
			sourceTree = "<group>";
		};
		9B501C1D1978CF820005D140 /* Frameworks */ = {
			isa = PBXGroup;
			children = (
				9B501C1E1978CF820005D140 /* Foundation.framework */,
				9B501C201978CF820005D140 /* CoreGraphics.framework */,
				9B501C221978CF820005D140 /* UIKit.framework */,
				9B501C3D1978CF820005D140 /* XCTest.framework */,
			);
			name = Frameworks;
			sourceTree = "<group>";
		};
		9B501C241978CF820005D140 /* White */ = {
			isa = PBXGroup;
			children = (
				9B501C2D1978CF820005D140 /* AppDelegate.h */,
				9B501C2E1978CF820005D140 /* AppDelegate.m */,
				9B501C301978CF820005D140 /* Main.storyboard */,
				9B501C331978CF820005D140 /* ViewController.h */,
				9B501C341978CF820005D140 /* ViewController.m */,
				9B501C571978D6580005D140 /* Game.h */,
				9B501C581978D6580005D140 /* Game.m */,
				9B501C361978CF820005D140 /* Images.xcassets */,
				9B501C251978CF820005D140 /* Supporting Files */,
			);
			path = White;
			sourceTree = "<group>";
		};
		9B501C251978CF820005D140 /* Supporting Files */ = {
			isa = PBXGroup;
			children = (
				9B501C5E1978DA9D0005D140 /* whitetile.png */,
				9B501C551978D40A0005D140 /* BackGround.png */,
				9B501C5A1978D77D0005D140 /* blacktile.png */,
				9B501C261978CF820005D140 /* White-Info.plist */,
				9B501C271978CF820005D140 /* InfoPlist.strings */,
				9B501C2A1978CF820005D140 /* main.m */,
				9B501C2C1978CF820005D140 /* White-Prefix.pch */,
			);
			name = "Supporting Files";
			sourceTree = "<group>";
		};
		9B501C431978CF820005D140 /* WhiteTests */ = {
			isa = PBXGroup;
			children = (
				9B501C491978CF820005D140 /* WhiteTests.m */,
				9B501C441978CF820005D140 /* Supporting Files */,
			);
			path = WhiteTests;
			sourceTree = "<group>";
		};
		9B501C441978CF820005D140 /* Supporting Files */ = {
			isa = PBXGroup;
			children = (
				9B501C451978CF820005D140 /* WhiteTests-Info.plist */,
				9B501C461978CF820005D140 /* InfoPlist.strings */,
			);
			name = "Supporting Files";
			sourceTree = "<group>";
		};
/* End PBXGroup section */

/* Begin PBXNativeTarget section */
		9B501C1A1978CF820005D140 /* White */ = {
			isa = PBXNativeTarget;
			buildConfigurationList = 9B501C4D1978CF820005D140 /* Build configuration list for PBXNativeTarget "White" */;
			buildPhases = (
				9B501C171978CF820005D140 /* Sources */,
				9B501C181978CF820005D140 /* Frameworks */,
				9B501C191978CF820005D140 /* Resources */,
			);
			buildRules = (
			);
			dependencies = (
			);
			name = White;
			productName = White;
			productReference = 9B501C1B1978CF820005D140 /* White.app */;
			productType = "com.apple.product-type.application";
		};
		9B501C3B1978CF820005D140 /* WhiteTests */ = {
			isa = PBXNativeTarget;
			buildConfigurationList = 9B501C501978CF820005D140 /* Build configuration list for PBXNativeTarget "WhiteTests" */;
			buildPhases = (
				9B501C381978CF820005D140 /* Sources */,
				9B501C391978CF820005D140 /* Frameworks */,
				9B501C3A1978CF820005D140 /* Resources */,
			);
			buildRules = (
			);
			dependencies = (
				9B501C421978CF820005D140 /* PBXTargetDependency */,
			);
			name = WhiteTests;
			productName = WhiteTests;
			productReference = 9B501C3C1978CF820005D140 /* WhiteTests.xctest */;
			productType = "com.apple.product-type.bundle.unit-test";
		};
/* End PBXNativeTarget section */

/* Begin PBXProject section */
		9B501C131978CF820005D140 /* Project object */ = {
			isa = PBXProject;
			attributes = {
				LastUpgradeCheck = 0510;
				ORGANIZATIONNAME = "Thanh Pham";
				TargetAttributes = {
					9B501C3B1978CF820005D140 = {
						TestTargetID = 9B501C1A1978CF820005D140;
					};
				};
			};
			buildConfigurationList = 9B501C161978CF820005D140 /* Build configuration list for PBXProject "White" */;
			compatibilityVersion = "Xcode 3.2";
			developmentRegion = English;
			hasScannedForEncodings = 0;
			knownRegions = (
				en,
				Base,
			);
			mainGroup = 9B501C121978CF820005D140;
			productRefGroup = 9B501C1C1978CF820005D140 /* Products */;
			projectDirPath = "";
			projectRoot = "";
			targets = (
				9B501C1A1978CF820005D140 /* White */,
				9B501C3B1978CF820005D140 /* WhiteTests */,
			);
		};
/* End PBXProject section */

/* Begin PBXResourcesBuildPhase section */
		9B501C191978CF820005D140 /* Resources */ = {
			isa = PBXResourcesBuildPhase;
			buildActionMask = 2147483647;
			files = (
				9B501C5F1978DA9D0005D140 /* whitetile.png in Resources */,
				9B501C371978CF820005D140 /* Images.xcassets in Resources */,
				9B501C5C1978D77D0005D140 /* blacktile.png in Resources */,
				9B501C561978D40A0005D140 /* BackGround.png in Resources */,
				9B501C291978CF820005D140 /* InfoPlist.strings in Resources */,
				9B501C321978CF820005D140 /* Main.storyboard in Resources */,
			);
			runOnlyForDeploymentPostprocessing = 0;
		};
		9B501C3A1978CF820005D140 /* Resources */ = {
			isa = PBXResourcesBuildPhase;
			buildActionMask = 2147483647;
			files = (
				9B501C481978CF820005D140 /* InfoPlist.strings in Resources */,
			);
			runOnlyForDeploymentPostprocessing = 0;
		};
/* End PBXResourcesBuildPhase section */

/* Begin PBXSourcesBuildPhase section */
		9B501C171978CF820005D140 /* Sources */ = {
			isa = PBXSourcesBuildPhase;
			buildActionMask = 2147483647;
			files = (
				9B501C351978CF820005D140 /* ViewController.m in Sources */,
				9B501C2F1978CF820005D140 /* AppDelegate.m in Sources */,
				9B501C2B1978CF820005D140 /* main.m in Sources */,
				9B501C591978D6580005D140 /* Game.m in Sources */,
			);
			runOnlyForDeploymentPostprocessing = 0;
		};
		9B501C381978CF820005D140 /* Sources */ = {
			isa = PBXSourcesBuildPhase;
			buildActionMask = 2147483647;
			files = (
				9B501C4A1978CF820005D140 /* WhiteTests.m in Sources */,
			);
			runOnlyForDeploymentPostprocessing = 0;
		};
/* End PBXSourcesBuildPhase section */

/* Begin PBXTargetDependency section */
		9B501C421978CF820005D140 /* PBXTargetDependency */ = {
			isa = PBXTargetDependency;
			target = 9B501C1A1978CF820005D140 /* White */;
			targetProxy = 9B501C411978CF820005D140 /* PBXContainerItemProxy */;
		};
/* End PBXTargetDependency section */

/* Begin PBXVariantGroup section */
		9B501C271978CF820005D140 /* InfoPlist.strings */ = {
			isa = PBXVariantGroup;
			children = (
				9B501C281978CF820005D140 /* en */,
			);
			name = InfoPlist.strings;
			sourceTree = "<group>";
		};
		9B501C301978CF820005D140 /* Main.storyboard */ = {
			isa = PBXVariantGroup;
			children = (
				9B501C311978CF820005D140 /* Base */,
			);
			name = Main.storyboard;
			sourceTree = "<group>";
		};
		9B501C461978CF820005D140 /* InfoPlist.strings */ = {
			isa = PBXVariantGroup;
			children = (
				9B501C471978CF820005D140 /* en */,
			);
			name = InfoPlist.strings;
			sourceTree = "<group>";
		};
/* End PBXVariantGroup section */

/* Begin XCBuildConfiguration section */
		9B501C4B1978CF820005D140 /* Debug */ = {
			isa = XCBuildConfiguration;
			buildSettings = {
				ALWAYS_SEARCH_USER_PATHS = NO;
				CLANG_CXX_LANGUAGE_STANDARD = "gnu++0x";
				CLANG_CXX_LIBRARY = "libc++";
				CLANG_ENABLE_MODULES = YES;
				CLANG_ENABLE_OBJC_ARC = YES;
				CLANG_WARN_BOOL_CONVERSION = YES;
				CLANG_WARN_CONSTANT_CONVERSION = YES;
				CLANG_WARN_DIRECT_OBJC_ISA_USAGE = YES_ERROR;
				CLANG_WARN_EMPTY_BODY = YES;
				CLANG_WARN_ENUM_CONVERSION = YES;
				CLANG_WARN_INT_CONVERSION = YES;
				CLANG_WARN_OBJC_ROOT_CLASS = YES_ERROR;
				CLANG_WARN__DUPLICATE_METHOD_MATCH = YES;
				"CODE_SIGN_IDENTITY[sdk=iphoneos*]" = "iPhone Developer";
				COPY_PHASE_STRIP = NO;
				GCC_C_LANGUAGE_STANDARD = gnu99;
				GCC_DYNAMIC_NO_PIC = NO;
				GCC_OPTIMIZATION_LEVEL = 0;
				GCC_PREPROCESSOR_DEFINITIONS = (
					"DEBUG=1",
					"$(inherited)",
				);
				GCC_SYMBOLS_PRIVATE_EXTERN = NO;
				GCC_WARN_64_TO_32_BIT_CONVERSION = YES;
				GCC_WARN_ABOUT_RETURN_TYPE = YES_ERROR;
				GCC_WARN_UNDECLARED_SELECTOR = YES;
				GCC_WARN_UNINITIALIZED_AUTOS = YES_AGGRESSIVE;
				GCC_WARN_UNUSED_FUNCTION = YES;
				GCC_WARN_UNUSED_VARIABLE = YES;
				IPHONEOS_DEPLOYMENT_TARGET = 7.1;
				ONLY_ACTIVE_ARCH = YES;
				SDKROOT = iphoneos;
			};
			name = Debug;
		};
		9B501C4C1978CF820005D140 /* Release */ = {
			isa = XCBuildConfiguration;
			buildSettings = {
				ALWAYS_SEARCH_USER_PATHS = NO;
				CLANG_CXX_LANGUAGE_STANDARD = "gnu++0x";
				CLANG_CXX_LIBRARY = "libc++";
				CLANG_ENABLE_MODULES = YES;
				CLANG_ENABLE_OBJC_ARC = YES;
				CLANG_WARN_BOOL_CONVERSION = YES;
				CLANG_WARN_CONSTANT_CONVERSION = YES;
				CLANG_WARN_DIRECT_OBJC_ISA_USAGE = YES_ERROR;
				CLANG_WARN_EMPTY_BODY = YES;
				CLANG_WARN_ENUM_CONVERSION = YES;
				CLANG_WARN_INT_CONVERSION = YES;
				CLANG_WARN_OBJC_ROOT_CLASS = YES_ERROR;
				CLANG_WARN__DUPLICATE_METHOD_MATCH = YES;
				"CODE_SIGN_IDENTITY[sdk=iphoneos*]" = "iPhone Developer";
				COPY_PHASE_STRIP = YES;
				ENABLE_NS_ASSERTIONS = NO;
				GCC_C_LANGUAGE_STANDARD = gnu99;
				GCC_WARN_64_TO_32_BIT_CONVERSION = YES;
				GCC_WARN_ABOUT_RETURN_TYPE = YES_ERROR;
				GCC_WARN_UNDECLARED_SELECTOR = YES;
				GCC_WARN_UNINITIALIZED_AUTOS = YES_AGGRESSIVE;
				GCC_WARN_UNUSED_FUNCTION = YES;
				GCC_WARN_UNUSED_VARIABLE = YES;
				IPHONEOS_DEPLOYMENT_TARGET = 7.1;
				SDKROOT = iphoneos;
				VALIDATE_PRODUCT = YES;
			};
			name = Release;
		};
		9B501C4E1978CF820005D140 /* Debug */ = {
			isa = XCBuildConfiguration;
			buildSettings = {
				ASSETCATALOG_COMPILER_APPICON_NAME = AppIcon;
				ASSETCATALOG_COMPILER_LAUNCHIMAGE_NAME = LaunchImage;
				GCC_PRECOMPILE_PREFIX_HEADER = YES;
				GCC_PREFIX_HEADER = "White/White-Prefix.pch";
				INFOPLIST_FILE = "White/White-Info.plist";
				PRODUCT_NAME = "$(TARGET_NAME)";
				WRAPPER_EXTENSION = app;
			};
			name = Debug;
		};
		9B501C4F1978CF820005D140 /* Release */ = {
			isa = XCBuildConfiguration;
			buildSettings = {
				ASSETCATALOG_COMPILER_APPICON_NAME = AppIcon;
				ASSETCATALOG_COMPILER_LAUNCHIMAGE_NAME = LaunchImage;
				GCC_PRECOMPILE_PREFIX_HEADER = YES;
				GCC_PREFIX_HEADER = "White/White-Prefix.pch";
				INFOPLIST_FILE = "White/White-Info.plist";
				PRODUCT_NAME = "$(TARGET_NAME)";
				WRAPPER_EXTENSION = app;
			};
			name = Release;
		};
		9B501C511978CF820005D140 /* Debug */ = {
			isa = XCBuildConfiguration;
			buildSettings = {
				BUNDLE_LOADER = "$(BUILT_PRODUCTS_DIR)/White.app/White";
				FRAMEWORK_SEARCH_PATHS = (
					"$(SDKROOT)/Developer/Library/Frameworks",
					"$(inherited)",
					"$(DEVELOPER_FRAMEWORKS_DIR)",
				);
				GCC_PRECOMPILE_PREFIX_HEADER = YES;
				GCC_PREFIX_HEADER = "White/White-Prefix.pch";
				GCC_PREPROCESSOR_DEFINITIONS = (
					"DEBUG=1",
					"$(inherited)",
				);
				INFOPLIST_FILE = "WhiteTests/WhiteTests-Info.plist";
				PRODUCT_NAME = "$(TARGET_NAME)";
				TEST_HOST = "$(BUNDLE_LOADER)";
				WRAPPER_EXTENSION = xctest;
			};
			name = Debug;
		};
		9B501C521978CF820005D140 /* Release */ = {
			isa = XCBuildConfiguration;
			buildSettings = {
				BUNDLE_LOADER = "$(BUILT_PRODUCTS_DIR)/White.app/White";
				FRAMEWORK_SEARCH_PATHS = (
					"$(SDKROOT)/Developer/Library/Frameworks",
					"$(inherited)",
					"$(DEVELOPER_FRAMEWORKS_DIR)",
				);
				GCC_PRECOMPILE_PREFIX_HEADER = YES;
				GCC_PREFIX_HEADER = "White/White-Prefix.pch";
				INFOPLIST_FILE = "WhiteTests/WhiteTests-Info.plist";
				PRODUCT_NAME = "$(TARGET_NAME)";
				TEST_HOST = "$(BUNDLE_LOADER)";
				WRAPPER_EXTENSION = xctest;
			};
			name = Release;
		};
/* End XCBuildConfiguration section */

/* Begin XCConfigurationList section */
		9B501C161978CF820005D140 /* Build configuration list for PBXProject "White" */ = {
			isa = XCConfigurationList;
			buildConfigurations = (
				9B501C4B1978CF820005D140 /* Debug */,
				9B501C4C1978CF820005D140 /* Release */,
			);
			defaultConfigurationIsVisible = 0;
			defaultConfigurationName = Release;
		};
		9B501C4D1978CF820005D140 /* Build configuration list for PBXNativeTarget "White" */ = {
			isa = XCConfigurationList;
			buildConfigurations = (
				9B501C4E1978CF820005D140 /* Debug */,
				9B501C4F1978CF820005D140 /* Release */,
			);
			defaultConfigurationIsVisible = 0;
			defaultConfigurationName = Release;
		};
		9B501C501978CF820005D140 /* Build configuration list for PBXNativeTarget "WhiteTests" */ = {
			isa = XCConfigurationList;
			buildConfigurations = (
				9B501C511978CF820005D140 /* Debug */,
				9B501C521978CF820005D140 /* Release */,
			);
			defaultConfigurationIsVisible = 0;
			defaultConfigurationName = Release;
		};
/* End XCConfigurationList section */
	};
	rootObject = 9B501C131978CF820005D140 /* Project object */;
}
