// !$*UTF8*$!
{
	archiveVersion = 1;
	classes = {
	};
	objectVersion = 46;
	objects = {

/* Begin PBXBuildFile section */
		9B945E68198638E600D379F5 /* uikit.png in Resources */ = {isa = PBXBuildFile; fileRef = 9B945E67198638E600D379F5 /* uikit.png */; };
		9BC1BECD19821A3B009B022B /* Foundation.framework in Frameworks */ = {isa = PBXBuildFile; fileRef = 9BC1BECC19821A3B009B022B /* Foundation.framework */; };
		9BC1BECF19821A3B009B022B /* CoreGraphics.framework in Frameworks */ = {isa = PBXBuildFile; fileRef = 9BC1BECE19821A3B009B022B /* CoreGraphics.framework */; };
		9BC1BED119821A3B009B022B /* UIKit.framework in Frameworks */ = {isa = PBXBuildFile; fileRef = 9BC1BED019821A3B009B022B /* UIKit.framework */; };
		9BC1BED719821A3B009B022B /* InfoPlist.strings in Resources */ = {isa = PBXBuildFile; fileRef = 9BC1BED519821A3B009B022B /* InfoPlist.strings */; };
		9BC1BED919821A3B009B022B /* main.m in Sources */ = {isa = PBXBuildFile; fileRef = 9BC1BED819821A3B009B022B /* main.m */; };
		9BC1BEDD19821A3B009B022B /* AppDelegate.m in Sources */ = {isa = PBXBuildFile; fileRef = 9BC1BEDC19821A3B009B022B /* AppDelegate.m */; };
		9BC1BEE019821A3B009B022B /* Main.storyboard in Resources */ = {isa = PBXBuildFile; fileRef = 9BC1BEDE19821A3B009B022B /* Main.storyboard */; };
		9BC1BEE319821A3B009B022B /* MainViewController.m in Sources */ = {isa = PBXBuildFile; fileRef = 9BC1BEE219821A3B009B022B /* MainViewController.m */; };
		9BC1BEE619821A3B009B022B /* FlipsideViewController.m in Sources */ = {isa = PBXBuildFile; fileRef = 9BC1BEE519821A3B009B022B /* FlipsideViewController.m */; };
		9BC1BEE819821A3B009B022B /* Images.xcassets in Resources */ = {isa = PBXBuildFile; fileRef = 9BC1BEE719821A3B009B022B /* Images.xcassets */; };
		9BC1BEEF19821A3B009B022B /* XCTest.framework in Frameworks */ = {isa = PBXBuildFile; fileRef = 9BC1BEEE19821A3B009B022B /* XCTest.framework */; };
		9BC1BEF019821A3B009B022B /* Foundation.framework in Frameworks */ = {isa = PBXBuildFile; fileRef = 9BC1BECC19821A3B009B022B /* Foundation.framework */; };
		9BC1BEF119821A3B009B022B /* UIKit.framework in Frameworks */ = {isa = PBXBuildFile; fileRef = 9BC1BED019821A3B009B022B /* UIKit.framework */; };
		9BC1BEF919821A3B009B022B /* InfoPlist.strings in Resources */ = {isa = PBXBuildFile; fileRef = 9BC1BEF719821A3B009B022B /* InfoPlist.strings */; };
		9BC1BEFB19821A3B009B022B /* FMFTests.m in Sources */ = {isa = PBXBuildFile; fileRef = 9BC1BEFA19821A3B009B022B /* FMFTests.m */; };
/* End PBXBuildFile section */

/* Begin PBXContainerItemProxy section */
		9BC1BEF219821A3B009B022B /* PBXContainerItemProxy */ = {
			isa = PBXContainerItemProxy;
			containerPortal = 9BC1BEC119821A3A009B022B /* Project object */;
			proxyType = 1;
			remoteGlobalIDString = 9BC1BEC819821A3B009B022B;
			remoteInfo = FMF;
		};
/* End PBXContainerItemProxy section */

/* Begin PBXFileReference section */
		9B945E67198638E600D379F5 /* uikit.png */ = {isa = PBXFileReference; lastKnownFileType = image.png; path = uikit.png; sourceTree = "<group>"; };
		9BC1BEC919821A3B009B022B /* FMF.app */ = {isa = PBXFileReference; explicitFileType = wrapper.application; includeInIndex = 0; path = FMF.app; sourceTree = BUILT_PRODUCTS_DIR; };
		9BC1BECC19821A3B009B022B /* Foundation.framework */ = {isa = PBXFileReference; lastKnownFileType = wrapper.framework; name = Foundation.framework; path = System/Library/Frameworks/Foundation.framework; sourceTree = SDKROOT; };
		9BC1BECE19821A3B009B022B /* CoreGraphics.framework */ = {isa = PBXFileReference; lastKnownFileType = wrapper.framework; name = CoreGraphics.framework; path = System/Library/Frameworks/CoreGraphics.framework; sourceTree = SDKROOT; };
		9BC1BED019821A3B009B022B /* UIKit.framework */ = {isa = PBXFileReference; lastKnownFileType = wrapper.framework; name = UIKit.framework; path = System/Library/Frameworks/UIKit.framework; sourceTree = SDKROOT; };
		9BC1BED419821A3B009B022B /* FMF-Info.plist */ = {isa = PBXFileReference; lastKnownFileType = text.plist.xml; path = "FMF-Info.plist"; sourceTree = "<group>"; };
		9BC1BED619821A3B009B022B /* en */ = {isa = PBXFileReference; lastKnownFileType = text.plist.strings; name = en; path = en.lproj/InfoPlist.strings; sourceTree = "<group>"; };
		9BC1BED819821A3B009B022B /* main.m */ = {isa = PBXFileReference; lastKnownFileType = sourcecode.c.objc; path = main.m; sourceTree = "<group>"; };
		9BC1BEDA19821A3B009B022B /* FMF-Prefix.pch */ = {isa = PBXFileReference; lastKnownFileType = sourcecode.c.h; path = "FMF-Prefix.pch"; sourceTree = "<group>"; };
		9BC1BEDB19821A3B009B022B /* AppDelegate.h */ = {isa = PBXFileReference; lastKnownFileType = sourcecode.c.h; path = AppDelegate.h; sourceTree = "<group>"; };
		9BC1BEDC19821A3B009B022B /* AppDelegate.m */ = {isa = PBXFileReference; lastKnownFileType = sourcecode.c.objc; path = AppDelegate.m; sourceTree = "<group>"; };
		9BC1BEDF19821A3B009B022B /* Base */ = {isa = PBXFileReference; lastKnownFileType = file.storyboard; name = Base; path = Base.lproj/Main.storyboard; sourceTree = "<group>"; };
		9BC1BEE119821A3B009B022B /* MainViewController.h */ = {isa = PBXFileReference; lastKnownFileType = sourcecode.c.h; path = MainViewController.h; sourceTree = "<group>"; };
		9BC1BEE219821A3B009B022B /* MainViewController.m */ = {isa = PBXFileReference; lastKnownFileType = sourcecode.c.objc; path = MainViewController.m; sourceTree = "<group>"; };
		9BC1BEE419821A3B009B022B /* FlipsideViewController.h */ = {isa = PBXFileReference; lastKnownFileType = sourcecode.c.h; path = FlipsideViewController.h; sourceTree = "<group>"; };
		9BC1BEE519821A3B009B022B /* FlipsideViewController.m */ = {isa = PBXFileReference; lastKnownFileType = sourcecode.c.objc; path = FlipsideViewController.m; sourceTree = "<group>"; };
		9BC1BEE719821A3B009B022B /* Images.xcassets */ = {isa = PBXFileReference; lastKnownFileType = folder.assetcatalog; path = Images.xcassets; sourceTree = "<group>"; };
		9BC1BEED19821A3B009B022B /* FMFTests.xctest */ = {isa = PBXFileReference; explicitFileType = wrapper.cfbundle; includeInIndex = 0; path = FMFTests.xctest; sourceTree = BUILT_PRODUCTS_DIR; };
		9BC1BEEE19821A3B009B022B /* XCTest.framework */ = {isa = PBXFileReference; lastKnownFileType = wrapper.framework; name = XCTest.framework; path = Library/Frameworks/XCTest.framework; sourceTree = DEVELOPER_DIR; };
		9BC1BEF619821A3B009B022B /* FMFTests-Info.plist */ = {isa = PBXFileReference; lastKnownFileType = text.plist.xml; path = "FMFTests-Info.plist"; sourceTree = "<group>"; };
		9BC1BEF819821A3B009B022B /* en */ = {isa = PBXFileReference; lastKnownFileType = text.plist.strings; name = en; path = en.lproj/InfoPlist.strings; sourceTree = "<group>"; };
		9BC1BEFA19821A3B009B022B /* FMFTests.m */ = {isa = PBXFileReference; lastKnownFileType = sourcecode.c.objc; path = FMFTests.m; sourceTree = "<group>"; };
/* End PBXFileReference section */

/* Begin PBXFrameworksBuildPhase section */
		9BC1BEC619821A3B009B022B /* Frameworks */ = {
			isa = PBXFrameworksBuildPhase;
			buildActionMask = 2147483647;
			files = (
				9BC1BECF19821A3B009B022B /* CoreGraphics.framework in Frameworks */,
				9BC1BED119821A3B009B022B /* UIKit.framework in Frameworks */,
				9BC1BECD19821A3B009B022B /* Foundation.framework in Frameworks */,
			);
			runOnlyForDeploymentPostprocessing = 0;
		};
		9BC1BEEA19821A3B009B022B /* Frameworks */ = {
			isa = PBXFrameworksBuildPhase;
			buildActionMask = 2147483647;
			files = (
				9BC1BEEF19821A3B009B022B /* XCTest.framework in Frameworks */,
				9BC1BEF119821A3B009B022B /* UIKit.framework in Frameworks */,
				9BC1BEF019821A3B009B022B /* Foundation.framework in Frameworks */,
			);
			runOnlyForDeploymentPostprocessing = 0;
		};
/* End PBXFrameworksBuildPhase section */

/* Begin PBXGroup section */
		9BC1BEC019821A3A009B022B = {
			isa = PBXGroup;
			children = (
				9BC1BED219821A3B009B022B /* FMF */,
				9BC1BEF419821A3B009B022B /* FMFTests */,
				9BC1BECB19821A3B009B022B /* Frameworks */,
				9BC1BECA19821A3B009B022B /* Products */,
			);
			sourceTree = "<group>";
		};
		9BC1BECA19821A3B009B022B /* Products */ = {
			isa = PBXGroup;
			children = (
				9BC1BEC919821A3B009B022B /* FMF.app */,
				9BC1BEED19821A3B009B022B /* FMFTests.xctest */,
			);
			name = Products;
			sourceTree = "<group>";
		};
		9BC1BECB19821A3B009B022B /* Frameworks */ = {
			isa = PBXGroup;
			children = (
				9BC1BECC19821A3B009B022B /* Foundation.framework */,
				9BC1BECE19821A3B009B022B /* CoreGraphics.framework */,
				9BC1BED019821A3B009B022B /* UIKit.framework */,
				9BC1BEEE19821A3B009B022B /* XCTest.framework */,
			);
			name = Frameworks;
			sourceTree = "<group>";
		};
		9BC1BED219821A3B009B022B /* FMF */ = {
			isa = PBXGroup;
			children = (
				9BC1BEDB19821A3B009B022B /* AppDelegate.h */,
				9BC1BEDC19821A3B009B022B /* AppDelegate.m */,
				9BC1BEDE19821A3B009B022B /* Main.storyboard */,
				9BC1BEE119821A3B009B022B /* MainViewController.h */,
				9BC1BEE219821A3B009B022B /* MainViewController.m */,
				9BC1BEE419821A3B009B022B /* FlipsideViewController.h */,
				9BC1BEE519821A3B009B022B /* FlipsideViewController.m */,
				9BC1BEE719821A3B009B022B /* Images.xcassets */,
				9BC1BED319821A3B009B022B /* Supporting Files */,
			);
			path = FMF;
			sourceTree = "<group>";
		};
		9BC1BED319821A3B009B022B /* Supporting Files */ = {
			isa = PBXGroup;
			children = (
				9B945E67198638E600D379F5 /* uikit.png */,
				9BC1BED419821A3B009B022B /* FMF-Info.plist */,
				9BC1BED519821A3B009B022B /* InfoPlist.strings */,
				9BC1BED819821A3B009B022B /* main.m */,
				9BC1BEDA19821A3B009B022B /* FMF-Prefix.pch */,
			);
			name = "Supporting Files";
			sourceTree = "<group>";
		};
		9BC1BEF419821A3B009B022B /* FMFTests */ = {
			isa = PBXGroup;
			children = (
				9BC1BEFA19821A3B009B022B /* FMFTests.m */,
				9BC1BEF519821A3B009B022B /* Supporting Files */,
			);
			path = FMFTests;
			sourceTree = "<group>";
		};
		9BC1BEF519821A3B009B022B /* Supporting Files */ = {
			isa = PBXGroup;
			children = (
				9BC1BEF619821A3B009B022B /* FMFTests-Info.plist */,
				9BC1BEF719821A3B009B022B /* InfoPlist.strings */,
			);
			name = "Supporting Files";
			sourceTree = "<group>";
		};
/* End PBXGroup section */

/* Begin PBXNativeTarget section */
		9BC1BEC819821A3B009B022B /* FMF */ = {
			isa = PBXNativeTarget;
			buildConfigurationList = 9BC1BEFE19821A3B009B022B /* Build configuration list for PBXNativeTarget "FMF" */;
			buildPhases = (
				9BC1BEC519821A3B009B022B /* Sources */,
				9BC1BEC619821A3B009B022B /* Frameworks */,
				9BC1BEC719821A3B009B022B /* Resources */,
			);
			buildRules = (
			);
			dependencies = (
			);
			name = FMF;
			productName = FMF;
			productReference = 9BC1BEC919821A3B009B022B /* FMF.app */;
			productType = "com.apple.product-type.application";
		};
		9BC1BEEC19821A3B009B022B /* FMFTests */ = {
			isa = PBXNativeTarget;
			buildConfigurationList = 9BC1BF0119821A3B009B022B /* Build configuration list for PBXNativeTarget "FMFTests" */;
			buildPhases = (
				9BC1BEE919821A3B009B022B /* Sources */,
				9BC1BEEA19821A3B009B022B /* Frameworks */,
				9BC1BEEB19821A3B009B022B /* Resources */,
			);
			buildRules = (
			);
			dependencies = (
				9BC1BEF319821A3B009B022B /* PBXTargetDependency */,
			);
			name = FMFTests;
			productName = FMFTests;
			productReference = 9BC1BEED19821A3B009B022B /* FMFTests.xctest */;
			productType = "com.apple.product-type.bundle.unit-test";
		};
/* End PBXNativeTarget section */

/* Begin PBXProject section */
		9BC1BEC119821A3A009B022B /* Project object */ = {
			isa = PBXProject;
			attributes = {
				LastUpgradeCheck = 0510;
				ORGANIZATIONNAME = "Thanh Pham";
				TargetAttributes = {
					9BC1BEEC19821A3B009B022B = {
						TestTargetID = 9BC1BEC819821A3B009B022B;
					};
				};
			};
			buildConfigurationList = 9BC1BEC419821A3A009B022B /* Build configuration list for PBXProject "FMF" */;
			compatibilityVersion = "Xcode 3.2";
			developmentRegion = English;
			hasScannedForEncodings = 0;
			knownRegions = (
				en,
				Base,
			);
			mainGroup = 9BC1BEC019821A3A009B022B;
			productRefGroup = 9BC1BECA19821A3B009B022B /* Products */;
			projectDirPath = "";
			projectRoot = "";
			targets = (
				9BC1BEC819821A3B009B022B /* FMF */,
				9BC1BEEC19821A3B009B022B /* FMFTests */,
			);
		};
/* End PBXProject section */

/* Begin PBXResourcesBuildPhase section */
		9BC1BEC719821A3B009B022B /* Resources */ = {
			isa = PBXResourcesBuildPhase;
			buildActionMask = 2147483647;
			files = (
				9BC1BEE819821A3B009B022B /* Images.xcassets in Resources */,
				9BC1BED719821A3B009B022B /* InfoPlist.strings in Resources */,
				9B945E68198638E600D379F5 /* uikit.png in Resources */,
				9BC1BEE019821A3B009B022B /* Main.storyboard in Resources */,
			);
			runOnlyForDeploymentPostprocessing = 0;
		};
		9BC1BEEB19821A3B009B022B /* Resources */ = {
			isa = PBXResourcesBuildPhase;
			buildActionMask = 2147483647;
			files = (
				9BC1BEF919821A3B009B022B /* InfoPlist.strings in Resources */,
			);
			runOnlyForDeploymentPostprocessing = 0;
		};
/* End PBXResourcesBuildPhase section */

/* Begin PBXSourcesBuildPhase section */
		9BC1BEC519821A3B009B022B /* Sources */ = {
			isa = PBXSourcesBuildPhase;
			buildActionMask = 2147483647;
			files = (
				9BC1BEDD19821A3B009B022B /* AppDelegate.m in Sources */,
				9BC1BEE319821A3B009B022B /* MainViewController.m in Sources */,
				9BC1BEE619821A3B009B022B /* FlipsideViewController.m in Sources */,
				9BC1BED919821A3B009B022B /* main.m in Sources */,
			);
			runOnlyForDeploymentPostprocessing = 0;
		};
		9BC1BEE919821A3B009B022B /* Sources */ = {
			isa = PBXSourcesBuildPhase;
			buildActionMask = 2147483647;
			files = (
				9BC1BEFB19821A3B009B022B /* FMFTests.m in Sources */,
			);
			runOnlyForDeploymentPostprocessing = 0;
		};
/* End PBXSourcesBuildPhase section */

/* Begin PBXTargetDependency section */
		9BC1BEF319821A3B009B022B /* PBXTargetDependency */ = {
			isa = PBXTargetDependency;
			target = 9BC1BEC819821A3B009B022B /* FMF */;
			targetProxy = 9BC1BEF219821A3B009B022B /* PBXContainerItemProxy */;
		};
/* End PBXTargetDependency section */

/* Begin PBXVariantGroup section */
		9BC1BED519821A3B009B022B /* InfoPlist.strings */ = {
			isa = PBXVariantGroup;
			children = (
				9BC1BED619821A3B009B022B /* en */,
			);
			name = InfoPlist.strings;
			sourceTree = "<group>";
		};
		9BC1BEDE19821A3B009B022B /* Main.storyboard */ = {
			isa = PBXVariantGroup;
			children = (
				9BC1BEDF19821A3B009B022B /* Base */,
			);
			name = Main.storyboard;
			sourceTree = "<group>";
		};
		9BC1BEF719821A3B009B022B /* InfoPlist.strings */ = {
			isa = PBXVariantGroup;
			children = (
				9BC1BEF819821A3B009B022B /* en */,
			);
			name = InfoPlist.strings;
			sourceTree = "<group>";
		};
/* End PBXVariantGroup section */

/* Begin XCBuildConfiguration section */
		9BC1BEFC19821A3B009B022B /* Debug */ = {
			isa = XCBuildConfiguration;
			buildSettings = {
				ALWAYS_SEARCH_USER_PATHS = NO;
				CLANG_CXX_LANGUAGE_STANDARD = "gnu++0x";
				CLANG_CXX_LIBRARY = "libc++";
				CLANG_ENABLE_MODULES = YES;
				CLANG_ENABLE_OBJC_ARC = YES;
				CLANG_WARN_BOOL_CONVERSION = YES;
				CLANG_WARN_CONSTANT_CONVERSION = YES;
				CLANG_WARN_DIRECT_OBJC_ISA_USAGE = YES_ERROR;
				CLANG_WARN_EMPTY_BODY = YES;
				CLANG_WARN_ENUM_CONVERSION = YES;
				CLANG_WARN_INT_CONVERSION = YES;
				CLANG_WARN_OBJC_ROOT_CLASS = YES_ERROR;
				CLANG_WARN__DUPLICATE_METHOD_MATCH = YES;
				"CODE_SIGN_IDENTITY[sdk=iphoneos*]" = "iPhone Developer";
				COPY_PHASE_STRIP = NO;
				GCC_C_LANGUAGE_STANDARD = gnu99;
				GCC_DYNAMIC_NO_PIC = NO;
				GCC_OPTIMIZATION_LEVEL = 0;
				GCC_PREPROCESSOR_DEFINITIONS = (
					"DEBUG=1",
					"$(inherited)",
				);
				GCC_SYMBOLS_PRIVATE_EXTERN = NO;
				GCC_WARN_64_TO_32_BIT_CONVERSION = YES;
				GCC_WARN_ABOUT_RETURN_TYPE = YES_ERROR;
				GCC_WARN_UNDECLARED_SELECTOR = YES;
				GCC_WARN_UNINITIALIZED_AUTOS = YES_AGGRESSIVE;
				GCC_WARN_UNUSED_FUNCTION = YES;
				GCC_WARN_UNUSED_VARIABLE = YES;
				IPHONEOS_DEPLOYMENT_TARGET = 7.1;
				ONLY_ACTIVE_ARCH = YES;
				SDKROOT = iphoneos;
			};
			name = Debug;
		};
		9BC1BEFD19821A3B009B022B /* Release */ = {
			isa = XCBuildConfiguration;
			buildSettings = {
				ALWAYS_SEARCH_USER_PATHS = NO;
				CLANG_CXX_LANGUAGE_STANDARD = "gnu++0x";
				CLANG_CXX_LIBRARY = "libc++";
				CLANG_ENABLE_MODULES = YES;
				CLANG_ENABLE_OBJC_ARC = YES;
				CLANG_WARN_BOOL_CONVERSION = YES;
				CLANG_WARN_CONSTANT_CONVERSION = YES;
				CLANG_WARN_DIRECT_OBJC_ISA_USAGE = YES_ERROR;
				CLANG_WARN_EMPTY_BODY = YES;
				CLANG_WARN_ENUM_CONVERSION = YES;
				CLANG_WARN_INT_CONVERSION = YES;
				CLANG_WARN_OBJC_ROOT_CLASS = YES_ERROR;
				CLANG_WARN__DUPLICATE_METHOD_MATCH = YES;
				"CODE_SIGN_IDENTITY[sdk=iphoneos*]" = "iPhone Developer";
				COPY_PHASE_STRIP = YES;
				ENABLE_NS_ASSERTIONS = NO;
				GCC_C_LANGUAGE_STANDARD = gnu99;
				GCC_WARN_64_TO_32_BIT_CONVERSION = YES;
				GCC_WARN_ABOUT_RETURN_TYPE = YES_ERROR;
				GCC_WARN_UNDECLARED_SELECTOR = YES;
				GCC_WARN_UNINITIALIZED_AUTOS = YES_AGGRESSIVE;
				GCC_WARN_UNUSED_FUNCTION = YES;
				GCC_WARN_UNUSED_VARIABLE = YES;
				IPHONEOS_DEPLOYMENT_TARGET = 7.1;
				SDKROOT = iphoneos;
				VALIDATE_PRODUCT = YES;
			};
			name = Release;
		};
		9BC1BEFF19821A3B009B022B /* Debug */ = {
			isa = XCBuildConfiguration;
			buildSettings = {
				ASSETCATALOG_COMPILER_APPICON_NAME = AppIcon;
				ASSETCATALOG_COMPILER_LAUNCHIMAGE_NAME = LaunchImage;
				GCC_PRECOMPILE_PREFIX_HEADER = YES;
				GCC_PREFIX_HEADER = "FMF/FMF-Prefix.pch";
				INFOPLIST_FILE = "FMF/FMF-Info.plist";
				PRODUCT_NAME = "$(TARGET_NAME)";
				WRAPPER_EXTENSION = app;
			};
			name = Debug;
		};
		9BC1BF0019821A3B009B022B /* Release */ = {
			isa = XCBuildConfiguration;
			buildSettings = {
				ASSETCATALOG_COMPILER_APPICON_NAME = AppIcon;
				ASSETCATALOG_COMPILER_LAUNCHIMAGE_NAME = LaunchImage;
				GCC_PRECOMPILE_PREFIX_HEADER = YES;
				GCC_PREFIX_HEADER = "FMF/FMF-Prefix.pch";
				INFOPLIST_FILE = "FMF/FMF-Info.plist";
				PRODUCT_NAME = "$(TARGET_NAME)";
				WRAPPER_EXTENSION = app;
			};
			name = Release;
		};
		9BC1BF0219821A3B009B022B /* Debug */ = {
			isa = XCBuildConfiguration;
			buildSettings = {
				BUNDLE_LOADER = "$(BUILT_PRODUCTS_DIR)/FMF.app/FMF";
				FRAMEWORK_SEARCH_PATHS = (
					"$(SDKROOT)/Developer/Library/Frameworks",
					"$(inherited)",
					"$(DEVELOPER_FRAMEWORKS_DIR)",
				);
				GCC_PRECOMPILE_PREFIX_HEADER = YES;
				GCC_PREFIX_HEADER = "FMF/FMF-Prefix.pch";
				GCC_PREPROCESSOR_DEFINITIONS = (
					"DEBUG=1",
					"$(inherited)",
				);
				INFOPLIST_FILE = "FMFTests/FMFTests-Info.plist";
				PRODUCT_NAME = "$(TARGET_NAME)";
				TEST_HOST = "$(BUNDLE_LOADER)";
				WRAPPER_EXTENSION = xctest;
			};
			name = Debug;
		};
		9BC1BF0319821A3B009B022B /* Release */ = {
			isa = XCBuildConfiguration;
			buildSettings = {
				BUNDLE_LOADER = "$(BUILT_PRODUCTS_DIR)/FMF.app/FMF";
				FRAMEWORK_SEARCH_PATHS = (
					"$(SDKROOT)/Developer/Library/Frameworks",
					"$(inherited)",
					"$(DEVELOPER_FRAMEWORKS_DIR)",
				);
				GCC_PRECOMPILE_PREFIX_HEADER = YES;
				GCC_PREFIX_HEADER = "FMF/FMF-Prefix.pch";
				INFOPLIST_FILE = "FMFTests/FMFTests-Info.plist";
				PRODUCT_NAME = "$(TARGET_NAME)";
				TEST_HOST = "$(BUNDLE_LOADER)";
				WRAPPER_EXTENSION = xctest;
			};
			name = Release;
		};
/* End XCBuildConfiguration section */

/* Begin XCConfigurationList section */
		9BC1BEC419821A3A009B022B /* Build configuration list for PBXProject "FMF" */ = {
			isa = XCConfigurationList;
			buildConfigurations = (
				9BC1BEFC19821A3B009B022B /* Debug */,
				9BC1BEFD19821A3B009B022B /* Release */,
			);
			defaultConfigurationIsVisible = 0;
			defaultConfigurationName = Release;
		};
		9BC1BEFE19821A3B009B022B /* Build configuration list for PBXNativeTarget "FMF" */ = {
			isa = XCConfigurationList;
			buildConfigurations = (
				9BC1BEFF19821A3B009B022B /* Debug */,
				9BC1BF0019821A3B009B022B /* Release */,
			);
			defaultConfigurationIsVisible = 0;
			defaultConfigurationName = Release;
		};
		9BC1BF0119821A3B009B022B /* Build configuration list for PBXNativeTarget "FMFTests" */ = {
			isa = XCConfigurationList;
			buildConfigurations = (
				9BC1BF0219821A3B009B022B /* Debug */,
				9BC1BF0319821A3B009B022B /* Release */,
			);
			defaultConfigurationIsVisible = 0;
			defaultConfigurationName = Release;
		};
/* End XCConfigurationList section */
	};
	rootObject = 9BC1BEC119821A3A009B022B /* Project object */;
}
