// !$*UTF8*$!
{
	archiveVersion = 1;
	classes = {
	};
	objectVersion = 46;
	objects = {

/* Begin PBXBuildFile section */
		9B07ABFD197648A800C02217 /* Foundation.framework in Frameworks */ = {isa = PBXBuildFile; fileRef = 9B07ABFC197648A800C02217 /* Foundation.framework */; };
		9B07ABFF197648A800C02217 /* CoreGraphics.framework in Frameworks */ = {isa = PBXBuildFile; fileRef = 9B07ABFE197648A800C02217 /* CoreGraphics.framework */; };
		9B07AC01197648A800C02217 /* UIKit.framework in Frameworks */ = {isa = PBXBuildFile; fileRef = 9B07AC00197648A800C02217 /* UIKit.framework */; };
		9B07AC07197648A800C02217 /* InfoPlist.strings in Resources */ = {isa = PBXBuildFile; fileRef = 9B07AC05197648A800C02217 /* InfoPlist.strings */; };
		9B07AC09197648A800C02217 /* main.m in Sources */ = {isa = PBXBuildFile; fileRef = 9B07AC08197648A800C02217 /* main.m */; };
		9B07AC0D197648A800C02217 /* CardGameAppDelegate.m in Sources */ = {isa = PBXBuildFile; fileRef = 9B07AC0C197648A800C02217 /* CardGameAppDelegate.m */; };
		9B07AC10197648A800C02217 /* Main.storyboard in Resources */ = {isa = PBXBuildFile; fileRef = 9B07AC0E197648A800C02217 /* Main.storyboard */; };
		9B07AC15197648A800C02217 /* Images.xcassets in Resources */ = {isa = PBXBuildFile; fileRef = 9B07AC14197648A800C02217 /* Images.xcassets */; };
		9B07AC1C197648A800C02217 /* XCTest.framework in Frameworks */ = {isa = PBXBuildFile; fileRef = 9B07AC1B197648A800C02217 /* XCTest.framework */; };
		9B07AC1D197648A800C02217 /* Foundation.framework in Frameworks */ = {isa = PBXBuildFile; fileRef = 9B07ABFC197648A800C02217 /* Foundation.framework */; };
		9B07AC1E197648A800C02217 /* UIKit.framework in Frameworks */ = {isa = PBXBuildFile; fileRef = 9B07AC00197648A800C02217 /* UIKit.framework */; };
		9B07AC26197648A800C02217 /* InfoPlist.strings in Resources */ = {isa = PBXBuildFile; fileRef = 9B07AC24197648A800C02217 /* InfoPlist.strings */; };
		9B07AC28197648A800C02217 /* FlappyBirdTests.m in Sources */ = {isa = PBXBuildFile; fileRef = 9B07AC27197648A800C02217 /* FlappyBirdTests.m */; };
		9B07AC36197649CE00C02217 /* BirdDown.png in Resources */ = {isa = PBXBuildFile; fileRef = 9B07AC31197649CE00C02217 /* BirdDown.png */; };
		9B07AC37197649CE00C02217 /* BirdUp.png in Resources */ = {isa = PBXBuildFile; fileRef = 9B07AC32197649CE00C02217 /* BirdUp.png */; };
		9B07AC38197649CE00C02217 /* GameBack.png in Resources */ = {isa = PBXBuildFile; fileRef = 9B07AC33197649CE00C02217 /* GameBack.png */; };
		9B07AC39197649CE00C02217 /* MainMenu.png in Resources */ = {isa = PBXBuildFile; fileRef = 9B07AC34197649CE00C02217 /* MainMenu.png */; };
		9B07AC3A197649CE00C02217 /* Tunnel.png in Resources */ = {isa = PBXBuildFile; fileRef = 9B07AC35197649CE00C02217 /* Tunnel.png */; };
		9B07AC4019764D1200C02217 /* GameViewController.m in Sources */ = {isa = PBXBuildFile; fileRef = 9B07AC3F19764D1200C02217 /* GameViewController.m */; };
		9B07AC4C197676C500C02217 /* MenuController.m in Sources */ = {isa = PBXBuildFile; fileRef = 9B07AC4B197676C500C02217 /* MenuController.m */; };
/* End PBXBuildFile section */

/* Begin PBXContainerItemProxy section */
		9B07AC1F197648A800C02217 /* PBXContainerItemProxy */ = {
			isa = PBXContainerItemProxy;
			containerPortal = 9B07ABF1197648A800C02217 /* Project object */;
			proxyType = 1;
			remoteGlobalIDString = 9B07ABF8197648A800C02217;
			remoteInfo = FlappyBird;
		};
/* End PBXContainerItemProxy section */

/* Begin PBXFileReference section */
		9B07ABF9197648A800C02217 /* FlappyBird.app */ = {isa = PBXFileReference; explicitFileType = wrapper.application; includeInIndex = 0; path = FlappyBird.app; sourceTree = BUILT_PRODUCTS_DIR; };
		9B07ABFC197648A800C02217 /* Foundation.framework */ = {isa = PBXFileReference; lastKnownFileType = wrapper.framework; name = Foundation.framework; path = System/Library/Frameworks/Foundation.framework; sourceTree = SDKROOT; };
		9B07ABFE197648A800C02217 /* CoreGraphics.framework */ = {isa = PBXFileReference; lastKnownFileType = wrapper.framework; name = CoreGraphics.framework; path = System/Library/Frameworks/CoreGraphics.framework; sourceTree = SDKROOT; };
		9B07AC00197648A800C02217 /* UIKit.framework */ = {isa = PBXFileReference; lastKnownFileType = wrapper.framework; name = UIKit.framework; path = System/Library/Frameworks/UIKit.framework; sourceTree = SDKROOT; };
		9B07AC04197648A800C02217 /* FlappyBird-Info.plist */ = {isa = PBXFileReference; lastKnownFileType = text.plist.xml; path = "FlappyBird-Info.plist"; sourceTree = "<group>"; };
		9B07AC06197648A800C02217 /* en */ = {isa = PBXFileReference; lastKnownFileType = text.plist.strings; name = en; path = en.lproj/InfoPlist.strings; sourceTree = "<group>"; };
		9B07AC08197648A800C02217 /* main.m */ = {isa = PBXFileReference; lastKnownFileType = sourcecode.c.objc; path = main.m; sourceTree = "<group>"; };
		9B07AC0A197648A800C02217 /* FlappyBird-Prefix.pch */ = {isa = PBXFileReference; lastKnownFileType = sourcecode.c.h; path = "FlappyBird-Prefix.pch"; sourceTree = "<group>"; };
		9B07AC0B197648A800C02217 /* CardGameAppDelegate.h */ = {isa = PBXFileReference; lastKnownFileType = sourcecode.c.h; path = CardGameAppDelegate.h; sourceTree = "<group>"; };
		9B07AC0C197648A800C02217 /* CardGameAppDelegate.m */ = {isa = PBXFileReference; lastKnownFileType = sourcecode.c.objc; path = CardGameAppDelegate.m; sourceTree = "<group>"; };
		9B07AC0F197648A800C02217 /* Base */ = {isa = PBXFileReference; lastKnownFileType = file.storyboard; name = Base; path = Base.lproj/Main.storyboard; sourceTree = "<group>"; };
		9B07AC14197648A800C02217 /* Images.xcassets */ = {isa = PBXFileReference; lastKnownFileType = folder.assetcatalog; path = Images.xcassets; sourceTree = "<group>"; };
		9B07AC1A197648A800C02217 /* FlappyBirdTests.xctest */ = {isa = PBXFileReference; explicitFileType = wrapper.cfbundle; includeInIndex = 0; path = FlappyBirdTests.xctest; sourceTree = BUILT_PRODUCTS_DIR; };
		9B07AC1B197648A800C02217 /* XCTest.framework */ = {isa = PBXFileReference; lastKnownFileType = wrapper.framework; name = XCTest.framework; path = Library/Frameworks/XCTest.framework; sourceTree = DEVELOPER_DIR; };
		9B07AC23197648A800C02217 /* FlappyBirdTests-Info.plist */ = {isa = PBXFileReference; lastKnownFileType = text.plist.xml; path = "FlappyBirdTests-Info.plist"; sourceTree = "<group>"; };
		9B07AC25197648A800C02217 /* en */ = {isa = PBXFileReference; lastKnownFileType = text.plist.strings; name = en; path = en.lproj/InfoPlist.strings; sourceTree = "<group>"; };
		9B07AC27197648A800C02217 /* FlappyBirdTests.m */ = {isa = PBXFileReference; lastKnownFileType = sourcecode.c.objc; path = FlappyBirdTests.m; sourceTree = "<group>"; };
		9B07AC31197649CE00C02217 /* BirdDown.png */ = {isa = PBXFileReference; lastKnownFileType = image.png; path = BirdDown.png; sourceTree = "<group>"; };
		9B07AC32197649CE00C02217 /* BirdUp.png */ = {isa = PBXFileReference; lastKnownFileType = image.png; path = BirdUp.png; sourceTree = "<group>"; };
		9B07AC33197649CE00C02217 /* GameBack.png */ = {isa = PBXFileReference; lastKnownFileType = image.png; path = GameBack.png; sourceTree = "<group>"; };
		9B07AC34197649CE00C02217 /* MainMenu.png */ = {isa = PBXFileReference; lastKnownFileType = image.png; path = MainMenu.png; sourceTree = "<group>"; };
		9B07AC35197649CE00C02217 /* Tunnel.png */ = {isa = PBXFileReference; lastKnownFileType = image.png; path = Tunnel.png; sourceTree = "<group>"; };
		9B07AC3E19764D1200C02217 /* GameViewController.h */ = {isa = PBXFileReference; fileEncoding = 4; lastKnownFileType = sourcecode.c.h; path = GameViewController.h; sourceTree = "<group>"; };
		9B07AC3F19764D1200C02217 /* GameViewController.m */ = {isa = PBXFileReference; fileEncoding = 4; lastKnownFileType = sourcecode.c.objc; path = GameViewController.m; sourceTree = "<group>"; };
		9B07AC4A197676C500C02217 /* MenuController.h */ = {isa = PBXFileReference; fileEncoding = 4; lastKnownFileType = sourcecode.c.h; name = MenuController.h; path = ../MenuController.h; sourceTree = "<group>"; };
		9B07AC4B197676C500C02217 /* MenuController.m */ = {isa = PBXFileReference; fileEncoding = 4; lastKnownFileType = sourcecode.c.objc; name = MenuController.m; path = ../MenuController.m; sourceTree = "<group>"; };
/* End PBXFileReference section */

/* Begin PBXFrameworksBuildPhase section */
		9B07ABF6197648A800C02217 /* Frameworks */ = {
			isa = PBXFrameworksBuildPhase;
			buildActionMask = 2147483647;
			files = (
				9B07ABFF197648A800C02217 /* CoreGraphics.framework in Frameworks */,
				9B07AC01197648A800C02217 /* UIKit.framework in Frameworks */,
				9B07ABFD197648A800C02217 /* Foundation.framework in Frameworks */,
			);
			runOnlyForDeploymentPostprocessing = 0;
		};
		9B07AC17197648A800C02217 /* Frameworks */ = {
			isa = PBXFrameworksBuildPhase;
			buildActionMask = 2147483647;
			files = (
				9B07AC1C197648A800C02217 /* XCTest.framework in Frameworks */,
				9B07AC1E197648A800C02217 /* UIKit.framework in Frameworks */,
				9B07AC1D197648A800C02217 /* Foundation.framework in Frameworks */,
			);
			runOnlyForDeploymentPostprocessing = 0;
		};
/* End PBXFrameworksBuildPhase section */

/* Begin PBXGroup section */
		9B07ABF0197648A800C02217 = {
			isa = PBXGroup;
			children = (
				9B07AC02197648A800C02217 /* FlappyBird */,
				9B07AC21197648A800C02217 /* FlappyBirdTests */,
				9B07ABFB197648A800C02217 /* Frameworks */,
				9B07ABFA197648A800C02217 /* Products */,
			);
			sourceTree = "<group>";
		};
		9B07ABFA197648A800C02217 /* Products */ = {
			isa = PBXGroup;
			children = (
				9B07ABF9197648A800C02217 /* FlappyBird.app */,
				9B07AC1A197648A800C02217 /* FlappyBirdTests.xctest */,
			);
			name = Products;
			sourceTree = "<group>";
		};
		9B07ABFB197648A800C02217 /* Frameworks */ = {
			isa = PBXGroup;
			children = (
				9B07ABFC197648A800C02217 /* Foundation.framework */,
				9B07ABFE197648A800C02217 /* CoreGraphics.framework */,
				9B07AC00197648A800C02217 /* UIKit.framework */,
				9B07AC1B197648A800C02217 /* XCTest.framework */,
			);
			name = Frameworks;
			sourceTree = "<group>";
		};
		9B07AC02197648A800C02217 /* FlappyBird */ = {
			isa = PBXGroup;
			children = (
				9B07AC0B197648A800C02217 /* CardGameAppDelegate.h */,
				9B07AC0C197648A800C02217 /* CardGameAppDelegate.m */,
				9B07AC3E19764D1200C02217 /* GameViewController.h */,
				9B07AC3F19764D1200C02217 /* GameViewController.m */,
				9B07AC4A197676C500C02217 /* MenuController.h */,
				9B07AC4B197676C500C02217 /* MenuController.m */,
				9B07AC0E197648A800C02217 /* Main.storyboard */,
				9B07AC14197648A800C02217 /* Images.xcassets */,
				9B07AC03197648A800C02217 /* Supporting Files */,
			);
			path = FlappyBird;
			sourceTree = "<group>";
		};
		9B07AC03197648A800C02217 /* Supporting Files */ = {
			isa = PBXGroup;
			children = (
				9B07AC31197649CE00C02217 /* BirdDown.png */,
				9B07AC32197649CE00C02217 /* BirdUp.png */,
				9B07AC33197649CE00C02217 /* GameBack.png */,
				9B07AC34197649CE00C02217 /* MainMenu.png */,
				9B07AC35197649CE00C02217 /* Tunnel.png */,
				9B07AC04197648A800C02217 /* FlappyBird-Info.plist */,
				9B07AC05197648A800C02217 /* InfoPlist.strings */,
				9B07AC08197648A800C02217 /* main.m */,
				9B07AC0A197648A800C02217 /* FlappyBird-Prefix.pch */,
			);
			name = "Supporting Files";
			sourceTree = "<group>";
		};
		9B07AC21197648A800C02217 /* FlappyBirdTests */ = {
			isa = PBXGroup;
			children = (
				9B07AC27197648A800C02217 /* FlappyBirdTests.m */,
				9B07AC22197648A800C02217 /* Supporting Files */,
			);
			path = FlappyBirdTests;
			sourceTree = "<group>";
		};
		9B07AC22197648A800C02217 /* Supporting Files */ = {
			isa = PBXGroup;
			children = (
				9B07AC23197648A800C02217 /* FlappyBirdTests-Info.plist */,
				9B07AC24197648A800C02217 /* InfoPlist.strings */,
			);
			name = "Supporting Files";
			sourceTree = "<group>";
		};
/* End PBXGroup section */

/* Begin PBXNativeTarget section */
		9B07ABF8197648A800C02217 /* FlappyBird */ = {
			isa = PBXNativeTarget;
			buildConfigurationList = 9B07AC2B197648A800C02217 /* Build configuration list for PBXNativeTarget "FlappyBird" */;
			buildPhases = (
				9B07ABF5197648A800C02217 /* Sources */,
				9B07ABF6197648A800C02217 /* Frameworks */,
				9B07ABF7197648A800C02217 /* Resources */,
			);
			buildRules = (
			);
			dependencies = (
			);
			name = FlappyBird;
			productName = FlappyBird;
			productReference = 9B07ABF9197648A800C02217 /* FlappyBird.app */;
			productType = "com.apple.product-type.application";
		};
		9B07AC19197648A800C02217 /* FlappyBirdTests */ = {
			isa = PBXNativeTarget;
			buildConfigurationList = 9B07AC2E197648A800C02217 /* Build configuration list for PBXNativeTarget "FlappyBirdTests" */;
			buildPhases = (
				9B07AC16197648A800C02217 /* Sources */,
				9B07AC17197648A800C02217 /* Frameworks */,
				9B07AC18197648A800C02217 /* Resources */,
			);
			buildRules = (
			);
			dependencies = (
				9B07AC20197648A800C02217 /* PBXTargetDependency */,
			);
			name = FlappyBirdTests;
			productName = FlappyBirdTests;
			productReference = 9B07AC1A197648A800C02217 /* FlappyBirdTests.xctest */;
			productType = "com.apple.product-type.bundle.unit-test";
		};
/* End PBXNativeTarget section */

/* Begin PBXProject section */
		9B07ABF1197648A800C02217 /* Project object */ = {
			isa = PBXProject;
			attributes = {
				CLASSPREFIX = CardGame;
				LastUpgradeCheck = 0510;
				ORGANIZATIONNAME = "Thanh Pham";
				TargetAttributes = {
					9B07AC19197648A800C02217 = {
						TestTargetID = 9B07ABF8197648A800C02217;
					};
				};
			};
			buildConfigurationList = 9B07ABF4197648A800C02217 /* Build configuration list for PBXProject "FlappyBird" */;
			compatibilityVersion = "Xcode 3.2";
			developmentRegion = English;
			hasScannedForEncodings = 0;
			knownRegions = (
				en,
				Base,
			);
			mainGroup = 9B07ABF0197648A800C02217;
			productRefGroup = 9B07ABFA197648A800C02217 /* Products */;
			projectDirPath = "";
			projectRoot = "";
			targets = (
				9B07ABF8197648A800C02217 /* FlappyBird */,
				9B07AC19197648A800C02217 /* FlappyBirdTests */,
			);
		};
/* End PBXProject section */

/* Begin PBXResourcesBuildPhase section */
		9B07ABF7197648A800C02217 /* Resources */ = {
			isa = PBXResourcesBuildPhase;
			buildActionMask = 2147483647;
			files = (
				9B07AC36197649CE00C02217 /* BirdDown.png in Resources */,
				9B07AC39197649CE00C02217 /* MainMenu.png in Resources */,
				9B07AC37197649CE00C02217 /* BirdUp.png in Resources */,
				9B07AC3A197649CE00C02217 /* Tunnel.png in Resources */,
				9B07AC15197648A800C02217 /* Images.xcassets in Resources */,
				9B07AC07197648A800C02217 /* InfoPlist.strings in Resources */,
				9B07AC38197649CE00C02217 /* GameBack.png in Resources */,
				9B07AC10197648A800C02217 /* Main.storyboard in Resources */,
			);
			runOnlyForDeploymentPostprocessing = 0;
		};
		9B07AC18197648A800C02217 /* Resources */ = {
			isa = PBXResourcesBuildPhase;
			buildActionMask = 2147483647;
			files = (
				9B07AC26197648A800C02217 /* InfoPlist.strings in Resources */,
			);
			runOnlyForDeploymentPostprocessing = 0;
		};
/* End PBXResourcesBuildPhase section */

/* Begin PBXSourcesBuildPhase section */
		9B07ABF5197648A800C02217 /* Sources */ = {
			isa = PBXSourcesBuildPhase;
			buildActionMask = 2147483647;
			files = (
				9B07AC4019764D1200C02217 /* GameViewController.m in Sources */,
				9B07AC0D197648A800C02217 /* CardGameAppDelegate.m in Sources */,
				9B07AC4C197676C500C02217 /* MenuController.m in Sources */,
				9B07AC09197648A800C02217 /* main.m in Sources */,
			);
			runOnlyForDeploymentPostprocessing = 0;
		};
		9B07AC16197648A800C02217 /* Sources */ = {
			isa = PBXSourcesBuildPhase;
			buildActionMask = 2147483647;
			files = (
				9B07AC28197648A800C02217 /* FlappyBirdTests.m in Sources */,
			);
			runOnlyForDeploymentPostprocessing = 0;
		};
/* End PBXSourcesBuildPhase section */

/* Begin PBXTargetDependency section */
		9B07AC20197648A800C02217 /* PBXTargetDependency */ = {
			isa = PBXTargetDependency;
			target = 9B07ABF8197648A800C02217 /* FlappyBird */;
			targetProxy = 9B07AC1F197648A800C02217 /* PBXContainerItemProxy */;
		};
/* End PBXTargetDependency section */

/* Begin PBXVariantGroup section */
		9B07AC05197648A800C02217 /* InfoPlist.strings */ = {
			isa = PBXVariantGroup;
			children = (
				9B07AC06197648A800C02217 /* en */,
			);
			name = InfoPlist.strings;
			sourceTree = "<group>";
		};
		9B07AC0E197648A800C02217 /* Main.storyboard */ = {
			isa = PBXVariantGroup;
			children = (
				9B07AC0F197648A800C02217 /* Base */,
			);
			name = Main.storyboard;
			sourceTree = "<group>";
		};
		9B07AC24197648A800C02217 /* InfoPlist.strings */ = {
			isa = PBXVariantGroup;
			children = (
				9B07AC25197648A800C02217 /* en */,
			);
			name = InfoPlist.strings;
			sourceTree = "<group>";
		};
/* End PBXVariantGroup section */

/* Begin XCBuildConfiguration section */
		9B07AC29197648A800C02217 /* Debug */ = {
			isa = XCBuildConfiguration;
			buildSettings = {
				ALWAYS_SEARCH_USER_PATHS = NO;
				CLANG_CXX_LANGUAGE_STANDARD = "gnu++0x";
				CLANG_CXX_LIBRARY = "libc++";
				CLANG_ENABLE_MODULES = YES;
				CLANG_ENABLE_OBJC_ARC = YES;
				CLANG_WARN_BOOL_CONVERSION = YES;
				CLANG_WARN_CONSTANT_CONVERSION = YES;
				CLANG_WARN_DIRECT_OBJC_ISA_USAGE = YES_ERROR;
				CLANG_WARN_EMPTY_BODY = YES;
				CLANG_WARN_ENUM_CONVERSION = YES;
				CLANG_WARN_INT_CONVERSION = YES;
				CLANG_WARN_OBJC_ROOT_CLASS = YES_ERROR;
				CLANG_WARN__DUPLICATE_METHOD_MATCH = YES;
				"CODE_SIGN_IDENTITY[sdk=iphoneos*]" = "iPhone Developer";
				COPY_PHASE_STRIP = NO;
				GCC_C_LANGUAGE_STANDARD = gnu99;
				GCC_DYNAMIC_NO_PIC = NO;
				GCC_OPTIMIZATION_LEVEL = 0;
				GCC_PREPROCESSOR_DEFINITIONS = (
					"DEBUG=1",
					"$(inherited)",
				);
				GCC_SYMBOLS_PRIVATE_EXTERN = NO;
				GCC_WARN_64_TO_32_BIT_CONVERSION = YES;
				GCC_WARN_ABOUT_RETURN_TYPE = YES_ERROR;
				GCC_WARN_UNDECLARED_SELECTOR = YES;
				GCC_WARN_UNINITIALIZED_AUTOS = YES_AGGRESSIVE;
				GCC_WARN_UNUSED_FUNCTION = YES;
				GCC_WARN_UNUSED_VARIABLE = YES;
				IPHONEOS_DEPLOYMENT_TARGET = 7.1;
				ONLY_ACTIVE_ARCH = YES;
				SDKROOT = iphoneos;
			};
			name = Debug;
		};
		9B07AC2A197648A800C02217 /* Release */ = {
			isa = XCBuildConfiguration;
			buildSettings = {
				ALWAYS_SEARCH_USER_PATHS = NO;
				CLANG_CXX_LANGUAGE_STANDARD = "gnu++0x";
				CLANG_CXX_LIBRARY = "libc++";
				CLANG_ENABLE_MODULES = YES;
				CLANG_ENABLE_OBJC_ARC = YES;
				CLANG_WARN_BOOL_CONVERSION = YES;
				CLANG_WARN_CONSTANT_CONVERSION = YES;
				CLANG_WARN_DIRECT_OBJC_ISA_USAGE = YES_ERROR;
				CLANG_WARN_EMPTY_BODY = YES;
				CLANG_WARN_ENUM_CONVERSION = YES;
				CLANG_WARN_INT_CONVERSION = YES;
				CLANG_WARN_OBJC_ROOT_CLASS = YES_ERROR;
				CLANG_WARN__DUPLICATE_METHOD_MATCH = YES;
				"CODE_SIGN_IDENTITY[sdk=iphoneos*]" = "iPhone Developer";
				COPY_PHASE_STRIP = YES;
				ENABLE_NS_ASSERTIONS = NO;
				GCC_C_LANGUAGE_STANDARD = gnu99;
				GCC_WARN_64_TO_32_BIT_CONVERSION = YES;
				GCC_WARN_ABOUT_RETURN_TYPE = YES_ERROR;
				GCC_WARN_UNDECLARED_SELECTOR = YES;
				GCC_WARN_UNINITIALIZED_AUTOS = YES_AGGRESSIVE;
				GCC_WARN_UNUSED_FUNCTION = YES;
				GCC_WARN_UNUSED_VARIABLE = YES;
				IPHONEOS_DEPLOYMENT_TARGET = 7.1;
				SDKROOT = iphoneos;
				VALIDATE_PRODUCT = YES;
			};
			name = Release;
		};
		9B07AC2C197648A800C02217 /* Debug */ = {
			isa = XCBuildConfiguration;
			buildSettings = {
				ASSETCATALOG_COMPILER_APPICON_NAME = AppIcon;
				ASSETCATALOG_COMPILER_LAUNCHIMAGE_NAME = LaunchImage;
				GCC_PRECOMPILE_PREFIX_HEADER = YES;
				GCC_PREFIX_HEADER = "FlappyBird/FlappyBird-Prefix.pch";
				INFOPLIST_FILE = "FlappyBird/FlappyBird-Info.plist";
				PRODUCT_NAME = "$(TARGET_NAME)";
				WRAPPER_EXTENSION = app;
			};
			name = Debug;
		};
		9B07AC2D197648A800C02217 /* Release */ = {
			isa = XCBuildConfiguration;
			buildSettings = {
				ASSETCATALOG_COMPILER_APPICON_NAME = AppIcon;
				ASSETCATALOG_COMPILER_LAUNCHIMAGE_NAME = LaunchImage;
				GCC_PRECOMPILE_PREFIX_HEADER = YES;
				GCC_PREFIX_HEADER = "FlappyBird/FlappyBird-Prefix.pch";
				INFOPLIST_FILE = "FlappyBird/FlappyBird-Info.plist";
				PRODUCT_NAME = "$(TARGET_NAME)";
				WRAPPER_EXTENSION = app;
			};
			name = Release;
		};
		9B07AC2F197648A800C02217 /* Debug */ = {
			isa = XCBuildConfiguration;
			buildSettings = {
				BUNDLE_LOADER = "$(BUILT_PRODUCTS_DIR)/FlappyBird.app/FlappyBird";
				FRAMEWORK_SEARCH_PATHS = (
					"$(SDKROOT)/Developer/Library/Frameworks",
					"$(inherited)",
					"$(DEVELOPER_FRAMEWORKS_DIR)",
				);
				GCC_PRECOMPILE_PREFIX_HEADER = YES;
				GCC_PREFIX_HEADER = "FlappyBird/FlappyBird-Prefix.pch";
				GCC_PREPROCESSOR_DEFINITIONS = (
					"DEBUG=1",
					"$(inherited)",
				);
				INFOPLIST_FILE = "FlappyBirdTests/FlappyBirdTests-Info.plist";
				PRODUCT_NAME = "$(TARGET_NAME)";
				TEST_HOST = "$(BUNDLE_LOADER)";
				WRAPPER_EXTENSION = xctest;
			};
			name = Debug;
		};
		9B07AC30197648A800C02217 /* Release */ = {
			isa = XCBuildConfiguration;
			buildSettings = {
				BUNDLE_LOADER = "$(BUILT_PRODUCTS_DIR)/FlappyBird.app/FlappyBird";
				FRAMEWORK_SEARCH_PATHS = (
					"$(SDKROOT)/Developer/Library/Frameworks",
					"$(inherited)",
					"$(DEVELOPER_FRAMEWORKS_DIR)",
				);
				GCC_PRECOMPILE_PREFIX_HEADER = YES;
				GCC_PREFIX_HEADER = "FlappyBird/FlappyBird-Prefix.pch";
				INFOPLIST_FILE = "FlappyBirdTests/FlappyBirdTests-Info.plist";
				PRODUCT_NAME = "$(TARGET_NAME)";
				TEST_HOST = "$(BUNDLE_LOADER)";
				WRAPPER_EXTENSION = xctest;
			};
			name = Release;
		};
/* End XCBuildConfiguration section */

/* Begin XCConfigurationList section */
		9B07ABF4197648A800C02217 /* Build configuration list for PBXProject "FlappyBird" */ = {
			isa = XCConfigurationList;
			buildConfigurations = (
				9B07AC29197648A800C02217 /* Debug */,
				9B07AC2A197648A800C02217 /* Release */,
			);
			defaultConfigurationIsVisible = 0;
			defaultConfigurationName = Release;
		};
		9B07AC2B197648A800C02217 /* Build configuration list for PBXNativeTarget "FlappyBird" */ = {
			isa = XCConfigurationList;
			buildConfigurations = (
				9B07AC2C197648A800C02217 /* Debug */,
				9B07AC2D197648A800C02217 /* Release */,
			);
			defaultConfigurationIsVisible = 0;
		};
		9B07AC2E197648A800C02217 /* Build configuration list for PBXNativeTarget "FlappyBirdTests" */ = {
			isa = XCConfigurationList;
			buildConfigurations = (
				9B07AC2F197648A800C02217 /* Debug */,
				9B07AC30197648A800C02217 /* Release */,
			);
			defaultConfigurationIsVisible = 0;
		};
/* End XCConfigurationList section */
	};
	rootObject = 9B07ABF1197648A800C02217 /* Project object */;
}
